
Microsoft Visual Studio Solution File, Format Version 12.00
# Visual Studio Version 17
VisualStudioVersion = 17.6.33829.357
MinimumVisualStudioVersion = 10.0.40219.1
Project("{FAE04EC0-301F-11D3-BF4B-00C04F79EFBC}") = "SchoolManagementProject", "SchoolManagementProject.csproj", "{D78013BF-EB9F-4375-A41D-4635B1B7EE05}"
EndProject
Global
	GlobalSection(SolutionConfigurationPlatforms) = preSolution
		Debug|Any CPU = Debug|Any CPU
		Release|Any CPU = Release|Any CPU
	EndGlobalSection
	GlobalSection(ProjectConfigurationPlatforms) = postSolution
		{D78013BF-EB9F-4375-A41D-4635B1B7EE05}.Debug|Any CPU.ActiveCfg = Debug|Any CPU
		{D78013BF-EB9F-4375-A41D-4635B1B7EE05}.Debug|Any CPU.Build.0 = Debug|Any CPU
		{D78013BF-EB9F-4375-A41D-4635B1B7EE05}.Release|Any CPU.ActiveCfg = Release|Any CPU
		{D78013BF-EB9F-4375-A41D-4635B1B7EE05}.Release|Any CPU.Build.0 = Release|Any CPU
	EndGlobalSection
	GlobalSection(SolutionProperties) = preSolution
		HideSolutionNode = FALSE
	EndGlobalSection
	GlobalSection(ExtensibilityGlobals) = postSolution
		SolutionGuid = {3B74525D-6577-4C9A-A0A0-7E8EBD2689F0}
	EndGlobalSection
EndGlobal
